{
    "_meta": {
        "hash": {
            "sha256": "ca3bb2fb831f94af6918fb078baae530be71d21614bc8dbda7f55d60828a8fbf"
        },
        "pipfile-spec": 6,
        "requires": {
            "python_version": "3.10"
        },
        "sources": [
            {
                "name": "pypi",
                "url": "https://pypi.org/simple",
                "verify_ssl": true
            }
        ]
    },
    "default": {
        "colorlog": {
            "hashes": [
                "sha256:5906e71acd67cb07a71e779c47c4bcb45fb8c2993eebe9e5adcd6a6f1b283eff",
                "sha256:bfba54a1b93b94f54e1f4fe48395725a3d92fd2a4af702f6bd70946bdc0c6ac2"
            ],
            "index": "pypi",
            "markers": "python_version >= '3.6'",
            "version": "==6.9.0"
        }
    },
    "develop": {}
}
